{
  "originHash" : "f8a0db239c6de4472428fbeb321c7ff5b436762d439ad53f723aadd3e23e5cb2",
  "pins" : [
    {
      "identity" : "stripe-ios",
      "kind" : "remoteSourceControl",
      "location" : "https://github.com/stripe/stripe-ios",
      "state" : {
        "revision" : "729265b745b5969ad5fc4805c25f2d37168ca685",
        "version" : "25.3.1"
      }
    }
  ],
  "version" : 3
}
